
Microsoft Visual Studio Solution File, Format Version 12.00
# Visual Studio Version 16
VisualStudioVersion = 16.0.30011.22
MinimumVisualStudioVersion = 10.0.40219.1
Project("{FAE04EC0-301F-11D3-BF4B-00C04F79EFBC}") = "Octo Demo", "Octo Demo\Octo Demo.csproj", "{217B8384-DE4D-45BD-91CB-6057F5B3F3EA}"
EndProject
Global
	GlobalSection(SolutionConfigurationPlatforms) = preSolution
		Debug|Any CPU = Debug|Any CPU
		Release|Any CPU = Release|Any CPU
	EndGlobalSection
	GlobalSection(ProjectConfigurationPlatforms) = postSolution
		{217B8384-DE4D-45BD-91CB-6057F5B3F3EA}.Debug|Any CPU.ActiveCfg = Debug|Any CPU
		{217B8384-DE4D-45BD-91CB-6057F5B3F3EA}.Debug|Any CPU.Build.0 = Debug|Any CPU
		{217B8384-DE4D-45BD-91CB-6057F5B3F3EA}.Release|Any CPU.ActiveCfg = Release|Any CPU
		{217B8384-DE4D-45BD-91CB-6057F5B3F3EA}.Release|Any CPU.Build.0 = Release|Any CPU
	EndGlobalSection
	GlobalSection(SolutionProperties) = preSolution
		HideSolutionNode = FALSE
	EndGlobalSection
	GlobalSection(ExtensibilityGlobals) = postSolution
		SolutionGuid = {44851DFF-35A9-43F2-800F-4E207D311575}
	EndGlobalSection
EndGlobal
